
Microsoft Visual Studio Solution File, Format Version 12.00
# Visual Studio Version 16
VisualStudioVersion = 16.0.29403.142
MinimumVisualStudioVersion = 10.0.40219.1
Project("{9A19103F-16F7-4668-BE54-9A1E7A4F7556}") = "Bullet.Wpf", "Bullet.Wpf\Bullet.Wpf.csproj", "{16C4F18C-240C-4B23-9670-0D3C8A89CC82}"
EndProject
Project("{9A19103F-16F7-4668-BE54-9A1E7A4F7556}") = "Bullet.Core", "Bullet.Core\Bullet.Core.csproj", "{4C6D5E76-A7FA-49DB-A8AF-7639A78245E5}"
EndProject
Project("{2150E333-8FDC-42A3-9474-1A3956D46DE8}") = "Tests", "Tests", "{3D1599C0-CD2C-4627-AF19-24EDFB57FCE5}"
EndProject
Project("{9A19103F-16F7-4668-BE54-9A1E7A4F7556}") = "Bullet.Test", "Bullet.Test\Bullet.Test.csproj", "{D8DE9A63-A624-4053-BF13-8C601F33F056}"
EndProject
Global
	GlobalSection(SolutionConfigurationPlatforms) = preSolution
		Debug|Any CPU = Debug|Any CPU
		Release|Any CPU = Release|Any CPU
	EndGlobalSection
	GlobalSection(ProjectConfigurationPlatforms) = postSolution
		{16C4F18C-240C-4B23-9670-0D3C8A89CC82}.Debug|Any CPU.ActiveCfg = Debug|Any CPU
		{16C4F18C-240C-4B23-9670-0D3C8A89CC82}.Debug|Any CPU.Build.0 = Debug|Any CPU
		{16C4F18C-240C-4B23-9670-0D3C8A89CC82}.Release|Any CPU.ActiveCfg = Release|Any CPU
		{16C4F18C-240C-4B23-9670-0D3C8A89CC82}.Release|Any CPU.Build.0 = Release|Any CPU
		{4C6D5E76-A7FA-49DB-A8AF-7639A78245E5}.Debug|Any CPU.ActiveCfg = Debug|Any CPU
		{4C6D5E76-A7FA-49DB-A8AF-7639A78245E5}.Debug|Any CPU.Build.0 = Debug|Any CPU
		{4C6D5E76-A7FA-49DB-A8AF-7639A78245E5}.Release|Any CPU.ActiveCfg = Release|Any CPU
		{4C6D5E76-A7FA-49DB-A8AF-7639A78245E5}.Release|Any CPU.Build.0 = Release|Any CPU
		{D8DE9A63-A624-4053-BF13-8C601F33F056}.Debug|Any CPU.ActiveCfg = Debug|Any CPU
		{D8DE9A63-A624-4053-BF13-8C601F33F056}.Debug|Any CPU.Build.0 = Debug|Any CPU
		{D8DE9A63-A624-4053-BF13-8C601F33F056}.Release|Any CPU.ActiveCfg = Release|Any CPU
		{D8DE9A63-A624-4053-BF13-8C601F33F056}.Release|Any CPU.Build.0 = Release|Any CPU
	EndGlobalSection
	GlobalSection(SolutionProperties) = preSolution
		HideSolutionNode = FALSE
	EndGlobalSection
	GlobalSection(NestedProjects) = preSolution
		{D8DE9A63-A624-4053-BF13-8C601F33F056} = {3D1599C0-CD2C-4627-AF19-24EDFB57FCE5}
	EndGlobalSection
	GlobalSection(ExtensibilityGlobals) = postSolution
		SolutionGuid = {F6A74607-EEF7-451B-9DF7-2D02A20F591B}
	EndGlobalSection
EndGlobal
